hash: 38a5690b1e73fc22773e43f236439f0aba960464b056a1edd2088639f00b78fd
updated: 2019-10-27T17:51:56.121915-07:00
imports:
- name: github.com/golang/lint
  version: 16217165b5de779cb6a5e4fc81fa9c1166fda457
  subpackages:
  - golint
- name: golang.org/x/lint
  version: 16217165b5de779cb6a5e4fc81fa9c1166fda457
- name: golang.org/x/tools
  version: b2104f82a97df5456531b2816ef2022c7f4431c0
  subpackages:
  - go/packages
testImports:
- name: github.com/gopherjs/gopherjs
  version: d3ddacdb130fcd23f77a827e3b599804730be6b5
  subpackages:
  - js
- name: github.com/jtolds/gls
  version: b4936e06046bbecbb94cae9c18127ebe510a2cb9
- name: github.com/smartystreets/assertions
  version: 8df9578143a50c65c2675d8e3207386ca9375d31
  subpackages:
  - internal/go-diff/diffmatchpatch
  - internal/go-render/render
  - internal/oglematchers
- name: github.com/smartystreets/goconvey
  version: 505e419363375c0dc132d3ac02632a4ee32199ca
  subpackages:
  - convey
  - convey/gotest
  - convey/reporting
